{
  "name": "commitlint-config-lsy",
  "version": "0.0.0",
  "lockfileVersion": 3,
  "requires": true,
  "packages": {
    "": {
      "name": "commitlint-config-lsy",
      "version": "0.0.0",
      "license": "ISC",
      "dependencies": {
        "commitlint-config-lsy": "file:"
      }
    },
    "node_modules/commitlint-config-lsy": {
      "resolved": "",
      "link": true
    }
  }
}
